
Microsoft Visual Studio Solution File, Format Version 12.00
Project("{FAE04EC0-301F-11D3-BF4B-00C04F79EFBC}") = "Karlssberg.Outcome", "Karlssberg.Outcome\Karlssberg.Outcome.csproj", "{C0986C24-570F-4AA2-B477-C797F0FEFE36}"
EndProject
Project("{FAE04EC0-301F-11D3-BF4B-00C04F79EFBC}") = "Karlssberg.Outcome.Tests", "Karlssberg.Outcome.Tests\Karlssberg.Outcome.Tests.csproj", "{C7693916-658A-4FED-9D3A-3DAD1D400B18}"
EndProject
Global
	GlobalSection(SolutionConfigurationPlatforms) = preSolution
		Debug|Any CPU = Debug|Any CPU
		Release|Any CPU = Release|Any CPU
	EndGlobalSection
	GlobalSection(ProjectConfigurationPlatforms) = postSolution
		{C0986C24-570F-4AA2-B477-C797F0FEFE36}.Debug|Any CPU.ActiveCfg = Debug|Any CPU
		{C0986C24-570F-4AA2-B477-C797F0FEFE36}.Debug|Any CPU.Build.0 = Debug|Any CPU
		{C0986C24-570F-4AA2-B477-C797F0FEFE36}.Release|Any CPU.ActiveCfg = Release|Any CPU
		{C0986C24-570F-4AA2-B477-C797F0FEFE36}.Release|Any CPU.Build.0 = Release|Any CPU
		{C7693916-658A-4FED-9D3A-3DAD1D400B18}.Debug|Any CPU.ActiveCfg = Debug|Any CPU
		{C7693916-658A-4FED-9D3A-3DAD1D400B18}.Debug|Any CPU.Build.0 = Debug|Any CPU
		{C7693916-658A-4FED-9D3A-3DAD1D400B18}.Release|Any CPU.ActiveCfg = Release|Any CPU
		{C7693916-658A-4FED-9D3A-3DAD1D400B18}.Release|Any CPU.Build.0 = Release|Any CPU
	EndGlobalSection
EndGlobal
